
Microsoft Visual Studio Solution File, Format Version 12.00
# Visual Studio Version 17
VisualStudioVersion = 17.7.34009.444
MinimumVisualStudioVersion = 10.0.40219.1
Project("{FAE04EC0-301F-11D3-BF4B-00C04F79EFBC}") = "Labb_MiniAPI", "Labb_MiniAPI\Labb_MiniAPI.csproj", "{3C90D588-A0E2-492D-A4D0-22EA6CC01505}"
EndProject
Project("{FAE04EC0-301F-11D3-BF4B-00C04F79EFBC}") = "ModelsLib", "ModelsLib\ModelsLib.csproj", "{06CDFF86-4D83-4498-B9CB-B77AA62E3448}"
EndProject
Global
	GlobalSection(SolutionConfigurationPlatforms) = preSolution
		Debug|Any CPU = Debug|Any CPU
		Release|Any CPU = Release|Any CPU
	EndGlobalSection
	GlobalSection(ProjectConfigurationPlatforms) = postSolution
		{3C90D588-A0E2-492D-A4D0-22EA6CC01505}.Debug|Any CPU.ActiveCfg = Debug|Any CPU
		{3C90D588-A0E2-492D-A4D0-22EA6CC01505}.Debug|Any CPU.Build.0 = Debug|Any CPU
		{3C90D588-A0E2-492D-A4D0-22EA6CC01505}.Release|Any CPU.ActiveCfg = Release|Any CPU
		{3C90D588-A0E2-492D-A4D0-22EA6CC01505}.Release|Any CPU.Build.0 = Release|Any CPU
		{06CDFF86-4D83-4498-B9CB-B77AA62E3448}.Debug|Any CPU.ActiveCfg = Debug|Any CPU
		{06CDFF86-4D83-4498-B9CB-B77AA62E3448}.Debug|Any CPU.Build.0 = Debug|Any CPU
		{06CDFF86-4D83-4498-B9CB-B77AA62E3448}.Release|Any CPU.ActiveCfg = Release|Any CPU
		{06CDFF86-4D83-4498-B9CB-B77AA62E3448}.Release|Any CPU.Build.0 = Release|Any CPU
	EndGlobalSection
	GlobalSection(SolutionProperties) = preSolution
		HideSolutionNode = FALSE
	EndGlobalSection
	GlobalSection(ExtensibilityGlobals) = postSolution
		SolutionGuid = {E0EEB594-7B10-47DA-97EF-2BD2D7FCA73A}
	EndGlobalSection
EndGlobal
